# THIS IS AN AUTOGENERATED FILE. DO NOT EDIT THIS FILE DIRECTLY.
# yarn lockfile v1


"@octokit/auth-app@^7.1.5":
  version "7.1.5"
  resolved "https://registry.yarnpkg.com/@octokit/auth-app/-/auth-app-7.1.5.tgz#59be5eb61c80aa8465c482b626a0f6fba1e83b71"
  integrity sha512-boklS4E6LpbA3nRx+SU2fRKRGZJdOGoSZne/i3Y0B5rfHOcGwFgcXrwDLdtbv4igfDSnAkZaoNBv1GYjPDKRNw==
  dependencies:
    "@octokit/auth-oauth-app" "^8.1.3"
    "@octokit/auth-oauth-user" "^5.1.3"
    "@octokit/request" "^9.2.1"
    "@octokit/request-error" "^6.1.7"
    "@octokit/types" "^13.8.0"
    toad-cache "^3.7.0"
    universal-github-app-jwt "^2.2.0"
    universal-user-agent "^7.0.0"

"@octokit/auth-oauth-app@^8.1.3":
  version "8.1.3"
  resolved "https://registry.yarnpkg.com/@octokit/auth-oauth-app/-/auth-oauth-app-8.1.3.tgz#42f53793dc9ea8bfbf69fbd1c072c6aaac944375"
  integrity sha512-4e6OjVe5rZ8yBe8w7byBjpKtSXFuro7gqeGAAZc7QYltOF8wB93rJl2FE0a4U1Mt88xxPv/mS+25/0DuLk0Ewg==
  dependencies:
    "@octokit/auth-oauth-device" "^7.1.3"
    "@octokit/auth-oauth-user" "^5.1.3"
    "@octokit/request" "^9.2.1"
    "@octokit/types" "^13.6.2"
    universal-user-agent "^7.0.0"

"@octokit/auth-oauth-device@^7.1.3":
  version "7.1.3"
  resolved "https://registry.yarnpkg.com/@octokit/auth-oauth-device/-/auth-oauth-device-7.1.3.tgz#c8b2d464bb1647839dcd5ba326ddec0a55ad6be8"
  integrity sha512-BECO/N4B/Uikj0w3GCvjf/odMujtYTP3q82BJSjxC2J3rxTEiZIJ+z2xnRlDb0IE9dQSaTgRqUPVOieSbFcVzg==
  dependencies:
    "@octokit/oauth-methods" "^5.1.4"
    "@octokit/request" "^9.2.1"
    "@octokit/types" "^13.6.2"
    universal-user-agent "^7.0.0"

"@octokit/auth-oauth-user@^5.1.3":
  version "5.1.3"
  resolved "https://registry.yarnpkg.com/@octokit/auth-oauth-user/-/auth-oauth-user-5.1.3.tgz#51808bad9157736044ad7f72217371d77f54aaf1"
  integrity sha512-zNPByPn9K7TC+OOHKGxU+MxrE9SZAN11UHYEFLsK2NRn3akJN2LHRl85q+Eypr3tuB2GrKx3rfj2phJdkYCvzw==
  dependencies:
    "@octokit/auth-oauth-device" "^7.1.3"
    "@octokit/oauth-methods" "^5.1.3"
    "@octokit/request" "^9.2.1"
    "@octokit/types" "^13.6.2"
    universal-user-agent "^7.0.0"

"@octokit/endpoint@^10.1.3":
  version "10.1.3"
  resolved "https://registry.yarnpkg.com/@octokit/endpoint/-/endpoint-10.1.3.tgz#bfe8ff2ec213eb4216065e77654bfbba0fc6d4de"
  integrity sha512-nBRBMpKPhQUxCsQQeW+rCJ/OPSMcj3g0nfHn01zGYZXuNDvvXudF/TYY6APj5THlurerpFN4a/dQAIAaM6BYhA==
  dependencies:
    "@octokit/types" "^13.6.2"
    universal-user-agent "^7.0.2"

"@octokit/oauth-authorization-url@^7.0.0":
  version "7.1.1"
  resolved "https://registry.yarnpkg.com/@octokit/oauth-authorization-url/-/oauth-authorization-url-7.1.1.tgz#0e17c2225eb66b58ec902d02b6f1315ffe9ff04b"
  integrity sha512-ooXV8GBSabSWyhLUowlMIVd9l1s2nsOGQdlP2SQ4LnkEsGXzeCvbSbCPdZThXhEFzleGPwbapT0Sb+YhXRyjCA==

"@octokit/oauth-methods@^5.1.3", "@octokit/oauth-methods@^5.1.4":
  version "5.1.4"
  resolved "https://registry.yarnpkg.com/@octokit/oauth-methods/-/oauth-methods-5.1.4.tgz#767169b6541a5e26827a2c65b6066bdc48b4bd7a"
  integrity sha512-Jc/ycnePClOvO1WL7tlC+TRxOFtyJBGuTDsL4dzXNiVZvzZdrPuNw7zHI3qJSUX2n6RLXE5L0SkFmYyNaVUFoQ==
  dependencies:
    "@octokit/oauth-authorization-url" "^7.0.0"
    "@octokit/request" "^9.2.1"
    "@octokit/request-error" "^6.1.7"
    "@octokit/types" "^13.6.2"

"@octokit/openapi-types@^23.0.1":
  version "23.0.1"
  resolved "https://registry.yarnpkg.com/@octokit/openapi-types/-/openapi-types-23.0.1.tgz#3721646ecd36b596ddb12650e0e89d3ebb2dd50e"
  integrity sha512-izFjMJ1sir0jn0ldEKhZ7xegCTj/ObmEDlEfpFrx4k/JyZSMRHbO3/rBwgE7f3m2DHt+RrNGIVw4wSmwnm3t/g==

"@octokit/request-error@^6.1.7":
  version "6.1.7"
  resolved "https://registry.yarnpkg.com/@octokit/request-error/-/request-error-6.1.7.tgz#44fc598f5cdf4593e0e58b5155fe2e77230ff6da"
  integrity sha512-69NIppAwaauwZv6aOzb+VVLwt+0havz9GT5YplkeJv7fG7a40qpLt/yZKyiDxAhgz0EtgNdNcb96Z0u+Zyuy2g==
  dependencies:
    "@octokit/types" "^13.6.2"

"@octokit/request@^9.2.1":
  version "9.2.2"
  resolved "https://registry.yarnpkg.com/@octokit/request/-/request-9.2.2.tgz#754452ec4692d7fdc32438a14e028eba0e6b2c09"
  integrity sha512-dZl0ZHx6gOQGcffgm1/Sf6JfEpmh34v3Af2Uci02vzUYz6qEN6zepoRtmybWXIGXFIK8K9ylE3b+duCWqhArtg==
  dependencies:
    "@octokit/endpoint" "^10.1.3"
    "@octokit/request-error" "^6.1.7"
    "@octokit/types" "^13.6.2"
    fast-content-type-parse "^2.0.0"
    universal-user-agent "^7.0.2"

"@octokit/types@^13.6.2", "@octokit/types@^13.8.0":
  version "13.8.0"
  resolved "https://registry.yarnpkg.com/@octokit/types/-/types-13.8.0.tgz#3815885e5abd16ed9ffeea3dced31d37ce3f8a0a"
  integrity sha512-x7DjTIbEpEWXK99DMd01QfWy0hd5h4EN+Q7shkdKds3otGQP+oWE/y0A76i1OvH9fygo4ddvNf7ZvF0t78P98A==
  dependencies:
    "@octokit/openapi-types" "^23.0.1"

"@protobufjs/aspromise@^1.1.1", "@protobufjs/aspromise@^1.1.2":
  version "1.1.2"
  resolved "https://registry.yarnpkg.com/@protobufjs/aspromise/-/aspromise-1.1.2.tgz#9b8b0cc663d669a7d8f6f5d0893a14d348f30fbf"
  integrity sha512-j+gKExEuLmKwvz3OgROXtrJ2UG2x8Ch2YZUxahh+s1F2HZ+wAceUNLkvy6zKCPVRkU++ZWQrdxsUeQXmcg4uoQ==

"@protobufjs/base64@^1.1.2":
  version "1.1.2"
  resolved "https://registry.yarnpkg.com/@protobufjs/base64/-/base64-1.1.2.tgz#4c85730e59b9a1f1f349047dbf24296034bb2735"
  integrity sha512-AZkcAA5vnN/v4PDqKyMR5lx7hZttPDgClv83E//FMNhR2TMcLUhfRUBHCmSl0oi9zMgDDqRUJkSxO3wm85+XLg==

"@protobufjs/codegen@^2.0.4":
  version "2.0.4"
  resolved "https://registry.yarnpkg.com/@protobufjs/codegen/-/codegen-2.0.4.tgz#7ef37f0d010fb028ad1ad59722e506d9262815cb"
  integrity sha512-YyFaikqM5sH0ziFZCN3xDC7zeGaB/d0IUb9CATugHWbd1FRFwWwt4ld4OYMPWu5a3Xe01mGAULCdqhMlPl29Jg==

"@protobufjs/eventemitter@^1.1.0":
  version "1.1.0"
  resolved "https://registry.yarnpkg.com/@protobufjs/eventemitter/-/eventemitter-1.1.0.tgz#355cbc98bafad5978f9ed095f397621f1d066b70"
  integrity sha512-j9ednRT81vYJ9OfVuXG6ERSTdEL1xVsNgqpkxMsbIabzSo3goCjDIveeGv5d03om39ML71RdmrGNjG5SReBP/Q==

"@protobufjs/fetch@^1.1.0":
  version "1.1.0"
  resolved "https://registry.yarnpkg.com/@protobufjs/fetch/-/fetch-1.1.0.tgz#ba99fb598614af65700c1619ff06d454b0d84c45"
  integrity sha512-lljVXpqXebpsijW71PZaCYeIcE5on1w5DlQy5WH6GLbFryLUrBD4932W/E2BSpfRJWseIL4v/KPgBFxDOIdKpQ==
  dependencies:
    "@protobufjs/aspromise" "^1.1.1"
    "@protobufjs/inquire" "^1.1.0"

"@protobufjs/float@^1.0.2":
  version "1.0.2"
  resolved "https://registry.yarnpkg.com/@protobufjs/float/-/float-1.0.2.tgz#5e9e1abdcb73fc0a7cb8b291df78c8cbd97b87d1"
  integrity sha512-Ddb+kVXlXst9d+R9PfTIxh1EdNkgoRe5tOX6t01f1lYWOvJnSPDBlG241QLzcyPdoNTsblLUdujGSE4RzrTZGQ==

"@protobufjs/inquire@^1.1.0":
  version "1.1.0"
  resolved "https://registry.yarnpkg.com/@protobufjs/inquire/-/inquire-1.1.0.tgz#ff200e3e7cf2429e2dcafc1140828e8cc638f089"
  integrity sha512-kdSefcPdruJiFMVSbn801t4vFK7KB/5gd2fYvrxhuJYg8ILrmn9SKSX2tZdV6V+ksulWqS7aXjBcRXl3wHoD9Q==

"@protobufjs/path@^1.1.2":
  version "1.1.2"
  resolved "https://registry.yarnpkg.com/@protobufjs/path/-/path-1.1.2.tgz#6cc2b20c5c9ad6ad0dccfd21ca7673d8d7fbf68d"
  integrity sha512-6JOcJ5Tm08dOHAbdR3GrvP+yUUfkjG5ePsHYczMFLq3ZmMkAD98cDgcT2iA1lJ9NVwFd4tH/iSSoe44YWkltEA==

"@protobufjs/pool@^1.1.0":
  version "1.1.0"
  resolved "https://registry.yarnpkg.com/@protobufjs/pool/-/pool-1.1.0.tgz#09fd15f2d6d3abfa9b65bc366506d6ad7846ff54"
  integrity sha512-0kELaGSIDBKvcgS4zkjz1PeddatrjYcmMWOlAuAPwAeccUrPHdUqo/J6LiymHHEiJT5NrF1UVwxY14f+fy4WQw==

"@protobufjs/utf8@^1.1.0":
  version "1.1.0"
  resolved "https://registry.yarnpkg.com/@protobufjs/utf8/-/utf8-1.1.0.tgz#a777360b5b39a1a2e5106f8e858f2fd2d060c570"
  integrity sha512-Vvn3zZrhQZkkBE8LSuW3em98c0FwgO4nxzv6OdSxPKJIEKY2bGbHn+mhGIPerzI4twdxaP8/0+06HBpwf345Lw==

"@types/node@>=13.7.0":
  version "22.14.0"
  resolved "https://registry.yarnpkg.com/@types/node/-/node-22.14.0.tgz#d3bfa3936fef0dbacd79ea3eb17d521c628bb47e"
  integrity sha512-Kmpl+z84ILoG+3T/zQFyAJsU6EPTmOCj8/2+83fSN6djd6I4o7uOuGIH6vq3PrjY5BGitSbFuMN18j3iknubbA==
  dependencies:
    undici-types "~6.21.0"

centrifuge@^5.3.4:
  version "5.3.4"
  resolved "https://registry.yarnpkg.com/centrifuge/-/centrifuge-5.3.4.tgz#d3a94bff53ca50cf33ab5a1efef92a53a6d3b21c"
  integrity sha512-adPPZAQ1a4MqB9XbOg61KvBRzWrsL/akySZxd74mIkTh1C9Hc13rSB8Bi4SZD4+PxWkBK6L5zw5AgleeDFPcjg==
  dependencies:
    events "^3.3.0"
    protobufjs "^7.2.5"

events@^3.3.0:
  version "3.3.0"
  resolved "https://registry.yarnpkg.com/events/-/events-3.3.0.tgz#31a95ad0a924e2d2c419a813aeb2c4e878ea7400"
  integrity sha512-mQw+2fkQbALzQ7V0MY0IqdnXNOeTtP4r0lN9z7AAawCXgqea7bDii20AYrIBrFd/Hx0M2Ocz6S111CaFkUcb0Q==

fast-content-type-parse@^2.0.0:
  version "2.0.1"
  resolved "https://registry.yarnpkg.com/fast-content-type-parse/-/fast-content-type-parse-2.0.1.tgz#c236124534ee2cb427c8d8e5ba35a4856947847b"
  integrity sha512-nGqtvLrj5w0naR6tDPfB4cUmYCqouzyQiz6C5y/LtcDllJdrcc6WaWW6iXyIIOErTa/XRybj28aasdn4LkVk6Q==

long@^5.0.0:
  version "5.3.1"
  resolved "https://registry.yarnpkg.com/long/-/long-5.3.1.tgz#9d4222d3213f38a5ec809674834e0f0ab21abe96"
  integrity sha512-ka87Jz3gcx/I7Hal94xaN2tZEOPoUOEVftkQqZx2EeQRN7LGdfLlI3FvZ+7WDplm+vK2Urx9ULrvSowtdCieng==

protobufjs@^7.2.5:
  version "7.4.0"
  resolved "https://registry.yarnpkg.com/protobufjs/-/protobufjs-7.4.0.tgz#7efe324ce9b3b61c82aae5de810d287bc08a248a"
  integrity sha512-mRUWCc3KUU4w1jU8sGxICXH/gNS94DvI1gxqDvBzhj1JpcsimQkYiOJfwsPUykUI5ZaspFbSgmBLER8IrQ3tqw==
  dependencies:
    "@protobufjs/aspromise" "^1.1.2"
    "@protobufjs/base64" "^1.1.2"
    "@protobufjs/codegen" "^2.0.4"
    "@protobufjs/eventemitter" "^1.1.0"
    "@protobufjs/fetch" "^1.1.0"
    "@protobufjs/float" "^1.0.2"
    "@protobufjs/inquire" "^1.1.0"
    "@protobufjs/path" "^1.1.2"
    "@protobufjs/pool" "^1.1.0"
    "@protobufjs/utf8" "^1.1.0"
    "@types/node" ">=13.7.0"
    long "^5.0.0"

toad-cache@^3.7.0:
  version "3.7.0"
  resolved "https://registry.yarnpkg.com/toad-cache/-/toad-cache-3.7.0.tgz#b9b63304ea7c45ec34d91f1d2fa513517025c441"
  integrity sha512-/m8M+2BJUpoJdgAHoG+baCwBT+tf2VraSfkBgl0Y00qIWt41DJ8R5B8nsEw0I58YwF5IZH6z24/2TobDKnqSWw==

undici-types@~6.21.0:
  version "6.21.0"
  resolved "https://registry.yarnpkg.com/undici-types/-/undici-types-6.21.0.tgz#691d00af3909be93a7faa13be61b3a5b50ef12cb"
  integrity sha512-iwDZqg0QAGrg9Rav5H4n0M64c3mkR59cJ6wQp+7C4nI0gsmExaedaYLNO44eT4AtBBwjbTiGPMlt2Md0T9H9JQ==

universal-github-app-jwt@^2.2.0:
  version "2.2.0"
  resolved "https://registry.yarnpkg.com/universal-github-app-jwt/-/universal-github-app-jwt-2.2.0.tgz#dc6c8929e76f1996a766ba2a08fb420f73365d77"
  integrity sha512-G5o6f95b5BggDGuUfKDApKaCgNYy2x7OdHY0zSMF081O0EJobw+1130VONhrA7ezGSV2FNOGyM+KQpQZAr9bIQ==

universal-user-agent@^7.0.0, universal-user-agent@^7.0.2:
  version "7.0.2"
  resolved "https://registry.yarnpkg.com/universal-user-agent/-/universal-user-agent-7.0.2.tgz#52e7d0e9b3dc4df06cc33cb2b9fd79041a54827e"
  integrity sha512-0JCqzSKnStlRRQfCdowvqy3cy0Dvtlb8xecj/H8JFZuCze4rwjPZQOgvFvn0Ws/usCHQFGpyr+pB9adaGwXn4Q==
